
Microsoft Visual Studio Solution File, Format Version 12.00
# Visual Studio Version 17
VisualStudioVersion = 17.11.35222.181
MinimumVisualStudioVersion = 10.0.40219.1
Project("{FAE04EC0-301F-11D3-BF4B-00C04F79EFBC}") = "Excecoes", "Excecoes\Excecoes.csproj", "{FD5F7396-678B-4072-B0FE-29D12A5A46FE}"
EndProject
Global
	GlobalSection(SolutionConfigurationPlatforms) = preSolution
		Debug|Any CPU = Debug|Any CPU
		Release|Any CPU = Release|Any CPU
	EndGlobalSection
	GlobalSection(ProjectConfigurationPlatforms) = postSolution
		{FD5F7396-678B-4072-B0FE-29D12A5A46FE}.Debug|Any CPU.ActiveCfg = Debug|Any CPU
		{FD5F7396-678B-4072-B0FE-29D12A5A46FE}.Debug|Any CPU.Build.0 = Debug|Any CPU
		{FD5F7396-678B-4072-B0FE-29D12A5A46FE}.Release|Any CPU.ActiveCfg = Release|Any CPU
		{FD5F7396-678B-4072-B0FE-29D12A5A46FE}.Release|Any CPU.Build.0 = Release|Any CPU
	EndGlobalSection
	GlobalSection(SolutionProperties) = preSolution
		HideSolutionNode = FALSE
	EndGlobalSection
	GlobalSection(ExtensibilityGlobals) = postSolution
		SolutionGuid = {3191AD11-B0F6-44A0-A720-D90CBEEBC5F9}
	EndGlobalSection
EndGlobal
