
Microsoft Visual Studio Solution File, Format Version 12.00
# Visual Studio Version 17
VisualStudioVersion = 17.11.35303.130
MinimumVisualStudioVersion = 10.0.40219.1
Project("{FAE04EC0-301F-11D3-BF4B-00C04F79EFBC}") = "pat", "pat\pat.csproj", "{AFD90BF3-8E7C-4D00-A61A-EEC28F2664FE}"
EndProject
Global
	GlobalSection(SolutionConfigurationPlatforms) = preSolution
		Debug|Any CPU = Debug|Any CPU
		Release|Any CPU = Release|Any CPU
	EndGlobalSection
	GlobalSection(ProjectConfigurationPlatforms) = postSolution
		{AFD90BF3-8E7C-4D00-A61A-EEC28F2664FE}.Debug|Any CPU.ActiveCfg = Debug|Any CPU
		{AFD90BF3-8E7C-4D00-A61A-EEC28F2664FE}.Debug|Any CPU.Build.0 = Debug|Any CPU
		{AFD90BF3-8E7C-4D00-A61A-EEC28F2664FE}.Release|Any CPU.ActiveCfg = Release|Any CPU
		{AFD90BF3-8E7C-4D00-A61A-EEC28F2664FE}.Release|Any CPU.Build.0 = Release|Any CPU
	EndGlobalSection
	GlobalSection(SolutionProperties) = preSolution
		HideSolutionNode = FALSE
	EndGlobalSection
	GlobalSection(ExtensibilityGlobals) = postSolution
		SolutionGuid = {D21EA03F-0479-43A7-A2F1-7FEA4EB91897}
	EndGlobalSection
EndGlobal
