
Microsoft Visual Studio Solution File, Format Version 12.00
# Visual Studio Version 17
VisualStudioVersion = 17.11.35312.102
MinimumVisualStudioVersion = 10.0.40219.1
Project("{FAE04EC0-301F-11D3-BF4B-00C04F79EFBC}") = "HerançaMultipla", "HerançaMultipla\HerançaMultipla.csproj", "{2C55C170-042D-498D-A423-E2BAEA0ED96E}"
EndProject
Global
	GlobalSection(SolutionConfigurationPlatforms) = preSolution
		Debug|Any CPU = Debug|Any CPU
		Release|Any CPU = Release|Any CPU
	EndGlobalSection
	GlobalSection(ProjectConfigurationPlatforms) = postSolution
		{2C55C170-042D-498D-A423-E2BAEA0ED96E}.Debug|Any CPU.ActiveCfg = Debug|Any CPU
		{2C55C170-042D-498D-A423-E2BAEA0ED96E}.Debug|Any CPU.Build.0 = Debug|Any CPU
		{2C55C170-042D-498D-A423-E2BAEA0ED96E}.Release|Any CPU.ActiveCfg = Release|Any CPU
		{2C55C170-042D-498D-A423-E2BAEA0ED96E}.Release|Any CPU.Build.0 = Release|Any CPU
	EndGlobalSection
	GlobalSection(SolutionProperties) = preSolution
		HideSolutionNode = FALSE
	EndGlobalSection
	GlobalSection(ExtensibilityGlobals) = postSolution
		SolutionGuid = {D6529C5B-C65B-43AE-860E-C0F3F65B0BA2}
	EndGlobalSection
EndGlobal
