
Microsoft Visual Studio Solution File, Format Version 12.00
# Visual Studio Version 17
VisualStudioVersion = 17.11.35222.181
MinimumVisualStudioVersion = 10.0.40219.1
Project("{FAE04EC0-301F-11D3-BF4B-00C04F79EFBC}") = "xadrez_console", "xadrez_console\xadrez_console.csproj", "{AD8A28E4-FCF6-4E15-AD09-ED6785000F0E}"
EndProject
Global
	GlobalSection(SolutionConfigurationPlatforms) = preSolution
		Debug|Any CPU = Debug|Any CPU
		Release|Any CPU = Release|Any CPU
	EndGlobalSection
	GlobalSection(ProjectConfigurationPlatforms) = postSolution
		{AD8A28E4-FCF6-4E15-AD09-ED6785000F0E}.Debug|Any CPU.ActiveCfg = Debug|Any CPU
		{AD8A28E4-FCF6-4E15-AD09-ED6785000F0E}.Debug|Any CPU.Build.0 = Debug|Any CPU
		{AD8A28E4-FCF6-4E15-AD09-ED6785000F0E}.Release|Any CPU.ActiveCfg = Release|Any CPU
		{AD8A28E4-FCF6-4E15-AD09-ED6785000F0E}.Release|Any CPU.Build.0 = Release|Any CPU
	EndGlobalSection
	GlobalSection(SolutionProperties) = preSolution
		HideSolutionNode = FALSE
	EndGlobalSection
	GlobalSection(ExtensibilityGlobals) = postSolution
		SolutionGuid = {4318643A-8035-4575-AB06-C42DA11A5F63}
	EndGlobalSection
EndGlobal
