
Microsoft Visual Studio Solution File, Format Version 12.00
# Visual Studio Version 17
VisualStudioVersion = 17.11.35222.181
MinimumVisualStudioVersion = 10.0.40219.1
Project("{FAE04EC0-301F-11D3-BF4B-00C04F79EFBC}") = "ExercicioProposto", "ExercicioProposto\ExercicioProposto.csproj", "{FDEBD2D1-9FD0-4CCB-B5E8-6A5C17AB62F3}"
EndProject
Global
	GlobalSection(SolutionConfigurationPlatforms) = preSolution
		Debug|Any CPU = Debug|Any CPU
		Release|Any CPU = Release|Any CPU
	EndGlobalSection
	GlobalSection(ProjectConfigurationPlatforms) = postSolution
		{FDEBD2D1-9FD0-4CCB-B5E8-6A5C17AB62F3}.Debug|Any CPU.ActiveCfg = Debug|Any CPU
		{FDEBD2D1-9FD0-4CCB-B5E8-6A5C17AB62F3}.Debug|Any CPU.Build.0 = Debug|Any CPU
		{FDEBD2D1-9FD0-4CCB-B5E8-6A5C17AB62F3}.Release|Any CPU.ActiveCfg = Release|Any CPU
		{FDEBD2D1-9FD0-4CCB-B5E8-6A5C17AB62F3}.Release|Any CPU.Build.0 = Release|Any CPU
	EndGlobalSection
	GlobalSection(SolutionProperties) = preSolution
		HideSolutionNode = FALSE
	EndGlobalSection
	GlobalSection(ExtensibilityGlobals) = postSolution
		SolutionGuid = {ED832EF8-F8CC-42A0-9525-5AB8DD67B783}
	EndGlobalSection
EndGlobal
