
Microsoft Visual Studio Solution File, Format Version 12.00
# Visual Studio Version 17
VisualStudioVersion = 17.11.35303.130
MinimumVisualStudioVersion = 10.0.40219.1
Project("{FAE04EC0-301F-11D3-BF4B-00C04F79EFBC}") = "finally", "finally\finally.csproj", "{A76AEF4D-2A76-45EF-8D29-A5159A962A3A}"
EndProject
Global
	GlobalSection(SolutionConfigurationPlatforms) = preSolution
		Debug|Any CPU = Debug|Any CPU
		Release|Any CPU = Release|Any CPU
	EndGlobalSection
	GlobalSection(ProjectConfigurationPlatforms) = postSolution
		{A76AEF4D-2A76-45EF-8D29-A5159A962A3A}.Debug|Any CPU.ActiveCfg = Debug|Any CPU
		{A76AEF4D-2A76-45EF-8D29-A5159A962A3A}.Debug|Any CPU.Build.0 = Debug|Any CPU
		{A76AEF4D-2A76-45EF-8D29-A5159A962A3A}.Release|Any CPU.ActiveCfg = Release|Any CPU
		{A76AEF4D-2A76-45EF-8D29-A5159A962A3A}.Release|Any CPU.Build.0 = Release|Any CPU
	EndGlobalSection
	GlobalSection(SolutionProperties) = preSolution
		HideSolutionNode = FALSE
	EndGlobalSection
	GlobalSection(ExtensibilityGlobals) = postSolution
		SolutionGuid = {AA2AE537-8529-4506-AD95-9933D4E24CD3}
	EndGlobalSection
EndGlobal
